
Microsoft Visual Studio Solution File, Format Version 12.00
# Visual Studio Version 17
VisualStudioVersion = 17.10.35027.167
MinimumVisualStudioVersion = 10.0.40219.1
Project("{FAE04EC0-301F-11D3-BF4B-00C04F79EFBC}") = "HTTP_Utility", "HTTP_Utility\HTTP_Utility.csproj", "{CBFADB8E-2E66-4B6D-A589-E0DFC75AB7E9}"
EndProject
Global
	GlobalSection(SolutionConfigurationPlatforms) = preSolution
		Debug|Any CPU = Debug|Any CPU
		Release|Any CPU = Release|Any CPU
	EndGlobalSection
	GlobalSection(ProjectConfigurationPlatforms) = postSolution
		{CBFADB8E-2E66-4B6D-A589-E0DFC75AB7E9}.Debug|Any CPU.ActiveCfg = Debug|Any CPU
		{CBFADB8E-2E66-4B6D-A589-E0DFC75AB7E9}.Debug|Any CPU.Build.0 = Debug|Any CPU
		{CBFADB8E-2E66-4B6D-A589-E0DFC75AB7E9}.Release|Any CPU.ActiveCfg = Release|Any CPU
		{CBFADB8E-2E66-4B6D-A589-E0DFC75AB7E9}.Release|Any CPU.Build.0 = Release|Any CPU
	EndGlobalSection
	GlobalSection(SolutionProperties) = preSolution
		HideSolutionNode = FALSE
	EndGlobalSection
	GlobalSection(ExtensibilityGlobals) = postSolution
		SolutionGuid = {D5CF30F9-2AF6-4981-9260-F0FC63516165}
	EndGlobalSection
EndGlobal
